
Microsoft Visual Studio Solution File, Format Version 12.00
# Visual Studio Version 17
VisualStudioVersion = 17.3.32811.315
MinimumVisualStudioVersion = 10.0.40219.1
Project("{FAE04EC0-301F-11D3-BF4B-00C04F79EFBC}") = "CrudMvc", "CrudMvc\CrudMvc.csproj", "{0D6B02BD-66B7-40F1-8284-2AEE9CB16C5C}"
EndProject
Project("{9A19103F-16F7-4668-BE54-9A1E7A4F7556}") = "InventoryModel", "InventoryModel\InventoryModel.csproj", "{26F7A987-A9AA-4987-973E-E31012AC3D37}"
EndProject
Global
	GlobalSection(SolutionConfigurationPlatforms) = preSolution
		Debug|Any CPU = Debug|Any CPU
		Release|Any CPU = Release|Any CPU
	EndGlobalSection
	GlobalSection(ProjectConfigurationPlatforms) = postSolution
		{0D6B02BD-66B7-40F1-8284-2AEE9CB16C5C}.Debug|Any CPU.ActiveCfg = Debug|Any CPU
		{0D6B02BD-66B7-40F1-8284-2AEE9CB16C5C}.Debug|Any CPU.Build.0 = Debug|Any CPU
		{0D6B02BD-66B7-40F1-8284-2AEE9CB16C5C}.Release|Any CPU.ActiveCfg = Release|Any CPU
		{0D6B02BD-66B7-40F1-8284-2AEE9CB16C5C}.Release|Any CPU.Build.0 = Release|Any CPU
		{26F7A987-A9AA-4987-973E-E31012AC3D37}.Debug|Any CPU.ActiveCfg = Debug|Any CPU
		{26F7A987-A9AA-4987-973E-E31012AC3D37}.Debug|Any CPU.Build.0 = Debug|Any CPU
		{26F7A987-A9AA-4987-973E-E31012AC3D37}.Release|Any CPU.ActiveCfg = Release|Any CPU
		{26F7A987-A9AA-4987-973E-E31012AC3D37}.Release|Any CPU.Build.0 = Release|Any CPU
	EndGlobalSection
	GlobalSection(SolutionProperties) = preSolution
		HideSolutionNode = FALSE
	EndGlobalSection
	GlobalSection(ExtensibilityGlobals) = postSolution
		SolutionGuid = {B84759AC-E772-4C2E-A5E5-8AAFF20D8F2A}
	EndGlobalSection
EndGlobal
